
Microsoft Visual Studio Solution File, Format Version 12.00
# Visual Studio Version 17
VisualStudioVersion = 17.4.33205.214
MinimumVisualStudioVersion = 10.0.40219.1
Project("{FAE04EC0-301F-11D3-BF4B-00C04F79EFBC}") = "Calculadora", "Calculadora\Calculadora.csproj", "{A7D37EE1-DAD1-4F4D-9542-1D368CF40285}"
EndProject
Global
	GlobalSection(SolutionConfigurationPlatforms) = preSolution
		Debug|Any CPU = Debug|Any CPU
		Release|Any CPU = Release|Any CPU
	EndGlobalSection
	GlobalSection(ProjectConfigurationPlatforms) = postSolution
		{A7D37EE1-DAD1-4F4D-9542-1D368CF40285}.Debug|Any CPU.ActiveCfg = Debug|Any CPU
		{A7D37EE1-DAD1-4F4D-9542-1D368CF40285}.Debug|Any CPU.Build.0 = Debug|Any CPU
		{A7D37EE1-DAD1-4F4D-9542-1D368CF40285}.Release|Any CPU.ActiveCfg = Release|Any CPU
		{A7D37EE1-DAD1-4F4D-9542-1D368CF40285}.Release|Any CPU.Build.0 = Release|Any CPU
	EndGlobalSection
	GlobalSection(SolutionProperties) = preSolution
		HideSolutionNode = FALSE
	EndGlobalSection
	GlobalSection(ExtensibilityGlobals) = postSolution
		SolutionGuid = {6E7AD63D-4911-406F-867F-9FD9879AC58A}
	EndGlobalSection
EndGlobal
